
Microsoft Visual Studio Solution File, Format Version 12.00
# Visual Studio 2012
Project("{FAE04EC0-301F-11D3-BF4B-00C04F79EFBC}") = "PlotWarehouseLocationsOnMap", "PlotWarehouseLocationsOnMap\PlotWarehouseLocationsOnMap.csproj", "{DF8BA032-6CD1-4AC3-850A-D396A6D0EC83}"
EndProject
Project("{FAE04EC0-301F-11D3-BF4B-00C04F79EFBC}") = "ScrapeWarehouseLocations", "ScrapeWarehouseLocations\ScrapeWarehouseLocations.csproj", "{8E3DA9E2-192E-4D76-933B-3CEF84F78543}"
EndProject
Global
	GlobalSection(SolutionConfigurationPlatforms) = preSolution
		Debug|Any CPU = Debug|Any CPU
		Release|Any CPU = Release|Any CPU
	EndGlobalSection
	GlobalSection(ProjectConfigurationPlatforms) = postSolution
		{DF8BA032-6CD1-4AC3-850A-D396A6D0EC83}.Debug|Any CPU.ActiveCfg = Debug|Any CPU
		{DF8BA032-6CD1-4AC3-850A-D396A6D0EC83}.Debug|Any CPU.Build.0 = Debug|Any CPU
		{DF8BA032-6CD1-4AC3-850A-D396A6D0EC83}.Release|Any CPU.ActiveCfg = Release|Any CPU
		{DF8BA032-6CD1-4AC3-850A-D396A6D0EC83}.Release|Any CPU.Build.0 = Release|Any CPU
		{8E3DA9E2-192E-4D76-933B-3CEF84F78543}.Debug|Any CPU.ActiveCfg = Debug|Any CPU
		{8E3DA9E2-192E-4D76-933B-3CEF84F78543}.Debug|Any CPU.Build.0 = Debug|Any CPU
		{8E3DA9E2-192E-4D76-933B-3CEF84F78543}.Release|Any CPU.ActiveCfg = Release|Any CPU
		{8E3DA9E2-192E-4D76-933B-3CEF84F78543}.Release|Any CPU.Build.0 = Release|Any CPU
	EndGlobalSection
	GlobalSection(SolutionProperties) = preSolution
		HideSolutionNode = FALSE
	EndGlobalSection
EndGlobal
